
Microsoft Visual Studio Solution File, Format Version 12.00
# Visual Studio 14
VisualStudioVersion = 14.0.25420.1
MinimumVisualStudioVersion = 10.0.40219.1
Project("{FAE04EC0-301F-11D3-BF4B-00C04F79EFBC}") = "SOCCLIENT", "SOC\SOCCLIENT.csproj", "{75EEEBBF-68CE-483A-9249-060C01CBE044}"
	ProjectSection(ProjectDependencies) = postProject
		{E232932D-FA4D-4FD6-8AD4-40CF45DE1BA2} = {E232932D-FA4D-4FD6-8AD4-40CF45DE1BA2}
	EndProjectSection
EndProject
Project("{FAE04EC0-301F-11D3-BF4B-00C04F79EFBC}") = "Mainsoc", "Mainsoc\Mainsoc.csproj", "{E232932D-FA4D-4FD6-8AD4-40CF45DE1BA2}"
EndProject
Global
	GlobalSection(SolutionConfigurationPlatforms) = preSolution
		Debug|Any CPU = Debug|Any CPU
		Release|Any CPU = Release|Any CPU
	EndGlobalSection
	GlobalSection(ProjectConfigurationPlatforms) = postSolution
		{75EEEBBF-68CE-483A-9249-060C01CBE044}.Debug|Any CPU.ActiveCfg = Debug|Any CPU
		{75EEEBBF-68CE-483A-9249-060C01CBE044}.Debug|Any CPU.Build.0 = Debug|Any CPU
		{75EEEBBF-68CE-483A-9249-060C01CBE044}.Release|Any CPU.ActiveCfg = Release|Any CPU
		{75EEEBBF-68CE-483A-9249-060C01CBE044}.Release|Any CPU.Build.0 = Release|Any CPU
		{E232932D-FA4D-4FD6-8AD4-40CF45DE1BA2}.Debug|Any CPU.ActiveCfg = Debug|Any CPU
		{E232932D-FA4D-4FD6-8AD4-40CF45DE1BA2}.Debug|Any CPU.Build.0 = Debug|Any CPU
		{E232932D-FA4D-4FD6-8AD4-40CF45DE1BA2}.Release|Any CPU.ActiveCfg = Release|Any CPU
		{E232932D-FA4D-4FD6-8AD4-40CF45DE1BA2}.Release|Any CPU.Build.0 = Release|Any CPU
	EndGlobalSection
	GlobalSection(SolutionProperties) = preSolution
		HideSolutionNode = FALSE
	EndGlobalSection
EndGlobal
